
Microsoft Visual Studio Solution File, Format Version 12.00
# Visual Studio 15
VisualStudioVersion = 15.0.28307.136
MinimumVisualStudioVersion = 10.0.40219.1
Project("{FAE04EC0-301F-11D3-BF4B-00C04F79EFBC}") = "BigramAndHistogram", "BigramAndHistogram\BigramAndHistogram.csproj", "{F6191E28-FCDD-476C-A242-9A0F1C0EC871}"
EndProject
Project("{FAE04EC0-301F-11D3-BF4B-00C04F79EFBC}") = "BigramAndHistogram.Tests", "BigramAndHistogram.Tests\BigramAndHistogram.Tests.csproj", "{128B7156-FD37-4DC4-B97A-6B96ED4536EA}"
EndProject
Project("{FAE04EC0-301F-11D3-BF4B-00C04F79EFBC}") = "BigramAndHistogram.Desktop", "BigramAndHistogram.Desktop\BigramAndHistogram.Desktop.csproj", "{AF698977-DB14-4134-B2F8-85707449C3B5}"
EndProject
Global
	GlobalSection(SolutionConfigurationPlatforms) = preSolution
		Debug|Any CPU = Debug|Any CPU
		Debug|ARM = Debug|ARM
		Debug|x64 = Debug|x64
		Debug|x86 = Debug|x86
		Release|Any CPU = Release|Any CPU
		Release|ARM = Release|ARM
		Release|x64 = Release|x64
		Release|x86 = Release|x86
	EndGlobalSection
	GlobalSection(ProjectConfigurationPlatforms) = postSolution
		{F6191E28-FCDD-476C-A242-9A0F1C0EC871}.Debug|Any CPU.ActiveCfg = Debug|Any CPU
		{F6191E28-FCDD-476C-A242-9A0F1C0EC871}.Debug|Any CPU.Build.0 = Debug|Any CPU
		{F6191E28-FCDD-476C-A242-9A0F1C0EC871}.Debug|ARM.ActiveCfg = Debug|Any CPU
		{F6191E28-FCDD-476C-A242-9A0F1C0EC871}.Debug|ARM.Build.0 = Debug|Any CPU
		{F6191E28-FCDD-476C-A242-9A0F1C0EC871}.Debug|x64.ActiveCfg = Debug|Any CPU
		{F6191E28-FCDD-476C-A242-9A0F1C0EC871}.Debug|x64.Build.0 = Debug|Any CPU
		{F6191E28-FCDD-476C-A242-9A0F1C0EC871}.Debug|x86.ActiveCfg = Debug|Any CPU
		{F6191E28-FCDD-476C-A242-9A0F1C0EC871}.Debug|x86.Build.0 = Debug|Any CPU
		{F6191E28-FCDD-476C-A242-9A0F1C0EC871}.Release|Any CPU.ActiveCfg = Release|Any CPU
		{F6191E28-FCDD-476C-A242-9A0F1C0EC871}.Release|Any CPU.Build.0 = Release|Any CPU
		{F6191E28-FCDD-476C-A242-9A0F1C0EC871}.Release|ARM.ActiveCfg = Release|Any CPU
		{F6191E28-FCDD-476C-A242-9A0F1C0EC871}.Release|ARM.Build.0 = Release|Any CPU
		{F6191E28-FCDD-476C-A242-9A0F1C0EC871}.Release|x64.ActiveCfg = Release|Any CPU
		{F6191E28-FCDD-476C-A242-9A0F1C0EC871}.Release|x64.Build.0 = Release|Any CPU
		{F6191E28-FCDD-476C-A242-9A0F1C0EC871}.Release|x86.ActiveCfg = Release|Any CPU
		{F6191E28-FCDD-476C-A242-9A0F1C0EC871}.Release|x86.Build.0 = Release|Any CPU
		{128B7156-FD37-4DC4-B97A-6B96ED4536EA}.Debug|Any CPU.ActiveCfg = Debug|Any CPU
		{128B7156-FD37-4DC4-B97A-6B96ED4536EA}.Debug|Any CPU.Build.0 = Debug|Any CPU
		{128B7156-FD37-4DC4-B97A-6B96ED4536EA}.Debug|ARM.ActiveCfg = Debug|Any CPU
		{128B7156-FD37-4DC4-B97A-6B96ED4536EA}.Debug|ARM.Build.0 = Debug|Any CPU
		{128B7156-FD37-4DC4-B97A-6B96ED4536EA}.Debug|x64.ActiveCfg = Debug|Any CPU
		{128B7156-FD37-4DC4-B97A-6B96ED4536EA}.Debug|x64.Build.0 = Debug|Any CPU
		{128B7156-FD37-4DC4-B97A-6B96ED4536EA}.Debug|x86.ActiveCfg = Debug|Any CPU
		{128B7156-FD37-4DC4-B97A-6B96ED4536EA}.Debug|x86.Build.0 = Debug|Any CPU
		{128B7156-FD37-4DC4-B97A-6B96ED4536EA}.Release|Any CPU.ActiveCfg = Release|Any CPU
		{128B7156-FD37-4DC4-B97A-6B96ED4536EA}.Release|Any CPU.Build.0 = Release|Any CPU
		{128B7156-FD37-4DC4-B97A-6B96ED4536EA}.Release|ARM.ActiveCfg = Release|Any CPU
		{128B7156-FD37-4DC4-B97A-6B96ED4536EA}.Release|ARM.Build.0 = Release|Any CPU
		{128B7156-FD37-4DC4-B97A-6B96ED4536EA}.Release|x64.ActiveCfg = Release|Any CPU
		{128B7156-FD37-4DC4-B97A-6B96ED4536EA}.Release|x64.Build.0 = Release|Any CPU
		{128B7156-FD37-4DC4-B97A-6B96ED4536EA}.Release|x86.ActiveCfg = Release|Any CPU
		{128B7156-FD37-4DC4-B97A-6B96ED4536EA}.Release|x86.Build.0 = Release|Any CPU
		{AF698977-DB14-4134-B2F8-85707449C3B5}.Debug|Any CPU.ActiveCfg = Debug|Any CPU
		{AF698977-DB14-4134-B2F8-85707449C3B5}.Debug|Any CPU.Build.0 = Debug|Any CPU
		{AF698977-DB14-4134-B2F8-85707449C3B5}.Debug|ARM.ActiveCfg = Debug|Any CPU
		{AF698977-DB14-4134-B2F8-85707449C3B5}.Debug|ARM.Build.0 = Debug|Any CPU
		{AF698977-DB14-4134-B2F8-85707449C3B5}.Debug|x64.ActiveCfg = Debug|Any CPU
		{AF698977-DB14-4134-B2F8-85707449C3B5}.Debug|x64.Build.0 = Debug|Any CPU
		{AF698977-DB14-4134-B2F8-85707449C3B5}.Debug|x86.ActiveCfg = Debug|Any CPU
		{AF698977-DB14-4134-B2F8-85707449C3B5}.Debug|x86.Build.0 = Debug|Any CPU
		{AF698977-DB14-4134-B2F8-85707449C3B5}.Release|Any CPU.ActiveCfg = Release|Any CPU
		{AF698977-DB14-4134-B2F8-85707449C3B5}.Release|Any CPU.Build.0 = Release|Any CPU
		{AF698977-DB14-4134-B2F8-85707449C3B5}.Release|ARM.ActiveCfg = Release|Any CPU
		{AF698977-DB14-4134-B2F8-85707449C3B5}.Release|ARM.Build.0 = Release|Any CPU
		{AF698977-DB14-4134-B2F8-85707449C3B5}.Release|x64.ActiveCfg = Release|Any CPU
		{AF698977-DB14-4134-B2F8-85707449C3B5}.Release|x64.Build.0 = Release|Any CPU
		{AF698977-DB14-4134-B2F8-85707449C3B5}.Release|x86.ActiveCfg = Release|Any CPU
		{AF698977-DB14-4134-B2F8-85707449C3B5}.Release|x86.Build.0 = Release|Any CPU
	EndGlobalSection
	GlobalSection(SolutionProperties) = preSolution
		HideSolutionNode = FALSE
	EndGlobalSection
	GlobalSection(ExtensibilityGlobals) = postSolution
		SolutionGuid = {C99287DC-7BC6-4FB4-8F0E-13A723D03068}
	EndGlobalSection
EndGlobal
